
Microsoft Visual Studio Solution File, Format Version 12.00
# Visual Studio 15
VisualStudioVersion = 15.0.28307.902
MinimumVisualStudioVersion = 10.0.40219.1
Project("{FAE04EC0-301F-11D3-BF4B-00C04F79EFBC}") = "NuocMamReal", "NuocMamReal\NuocMamReal.csproj", "{294914DD-77BC-4647-AFC9-81887B544C56}"
EndProject
Project("{FAE04EC0-301F-11D3-BF4B-00C04F79EFBC}") = "NuocMamReal.Tests", "NuocMamReal.Tests\NuocMamReal.Tests.csproj", "{FE89584E-DC84-4DFB-8AFC-0522CF577920}"
EndProject
Project("{FAE04EC0-301F-11D3-BF4B-00C04F79EFBC}") = "NuocMam.Model", "NuocMam.Model\NuocMam.Model.csproj", "{88C80E9D-CA6D-4380-8760-BF172A319966}"
EndProject
Global
	GlobalSection(SolutionConfigurationPlatforms) = preSolution
		Debug|Any CPU = Debug|Any CPU
		Release|Any CPU = Release|Any CPU
	EndGlobalSection
	GlobalSection(ProjectConfigurationPlatforms) = postSolution
		{294914DD-77BC-4647-AFC9-81887B544C56}.Debug|Any CPU.ActiveCfg = Debug|Any CPU
		{294914DD-77BC-4647-AFC9-81887B544C56}.Debug|Any CPU.Build.0 = Debug|Any CPU
		{294914DD-77BC-4647-AFC9-81887B544C56}.Release|Any CPU.ActiveCfg = Release|Any CPU
		{294914DD-77BC-4647-AFC9-81887B544C56}.Release|Any CPU.Build.0 = Release|Any CPU
		{FE89584E-DC84-4DFB-8AFC-0522CF577920}.Debug|Any CPU.ActiveCfg = Debug|Any CPU
		{FE89584E-DC84-4DFB-8AFC-0522CF577920}.Debug|Any CPU.Build.0 = Debug|Any CPU
		{FE89584E-DC84-4DFB-8AFC-0522CF577920}.Release|Any CPU.ActiveCfg = Release|Any CPU
		{FE89584E-DC84-4DFB-8AFC-0522CF577920}.Release|Any CPU.Build.0 = Release|Any CPU
		{88C80E9D-CA6D-4380-8760-BF172A319966}.Debug|Any CPU.ActiveCfg = Debug|Any CPU
		{88C80E9D-CA6D-4380-8760-BF172A319966}.Debug|Any CPU.Build.0 = Debug|Any CPU
		{88C80E9D-CA6D-4380-8760-BF172A319966}.Release|Any CPU.ActiveCfg = Release|Any CPU
		{88C80E9D-CA6D-4380-8760-BF172A319966}.Release|Any CPU.Build.0 = Release|Any CPU
	EndGlobalSection
	GlobalSection(SolutionProperties) = preSolution
		HideSolutionNode = FALSE
	EndGlobalSection
	GlobalSection(ExtensibilityGlobals) = postSolution
		SolutionGuid = {84C0C79E-D0F2-4293-A00C-5FC11770ED59}
	EndGlobalSection
EndGlobal
